
Microsoft Visual Studio Solution File, Format Version 12.00
# Visual Studio Version 17
VisualStudioVersion = 17.5.002.0
MinimumVisualStudioVersion = 10.0.40219.1
Project("{9A19103F-16F7-4668-BE54-9A1E7A4F7556}") = "WeatherMonitor", "WeatherMonitor.csproj", "{A914C5A3-5418-4963-8A66-0F236847C1B5}"
EndProject
Global
	GlobalSection(SolutionConfigurationPlatforms) = preSolution
		Debug|Any CPU = Debug|Any CPU
		Release|Any CPU = Release|Any CPU
	EndGlobalSection
	GlobalSection(ProjectConfigurationPlatforms) = postSolution
		{A914C5A3-5418-4963-8A66-0F236847C1B5}.Debug|Any CPU.ActiveCfg = Debug|Any CPU
		{A914C5A3-5418-4963-8A66-0F236847C1B5}.Debug|Any CPU.Build.0 = Debug|Any CPU
		{A914C5A3-5418-4963-8A66-0F236847C1B5}.Release|Any CPU.ActiveCfg = Release|Any CPU
		{A914C5A3-5418-4963-8A66-0F236847C1B5}.Release|Any CPU.Build.0 = Release|Any CPU
	EndGlobalSection
	GlobalSection(SolutionProperties) = preSolution
		HideSolutionNode = FALSE
	EndGlobalSection
	GlobalSection(ExtensibilityGlobals) = postSolution
		SolutionGuid = {2F6A7C79-2A1B-46A1-B0D7-8AECD66E1FBE}
	EndGlobalSection
EndGlobal
